
Microsoft Visual Studio Solution File, Format Version 12.00
Project("{9A19103F-16F7-4668-BE54-9A1E7A4F7556}") = "_build", "build\_build.csproj", "{259A30DB-EEEC-4C72-8172-2567FE83BF08}"
EndProject
Project("{FAE04EC0-301F-11D3-BF4B-00C04F79EFBC}") = "Backend.Fx.Messages", "src\Backend.Fx.Messages\Backend.Fx.Messages.csproj", "{A3D87721-5C3C-4FD1-8367-A812F53A6BC6}"
EndProject
Project("{FAE04EC0-301F-11D3-BF4B-00C04F79EFBC}") = "Backend.Fx.Messages.Feature", "src\Backend.Fx.Messages.Feature\Backend.Fx.Messages.Feature.csproj", "{FC8AFBEF-65C2-4027-984B-284FD14733B4}"
EndProject
Project("{FAE04EC0-301F-11D3-BF4B-00C04F79EFBC}") = "Backend.Fx.Messages.Feature.Tests", "src\Backend.Fx.Messages.Feature.Tests\Backend.Fx.Messages.Feature.Tests.csproj", "{8AFC8E88-A953-4B33-B7A6-DE124CE0CB6C}"
EndProject
Global
	GlobalSection(SolutionConfigurationPlatforms) = preSolution
		Debug|Any CPU = Debug|Any CPU
		Release|Any CPU = Release|Any CPU
	EndGlobalSection
	GlobalSection(ProjectConfigurationPlatforms) = postSolution
		{259A30DB-EEEC-4C72-8172-2567FE83BF08}.Debug|Any CPU.ActiveCfg = Debug|Any CPU
		{259A30DB-EEEC-4C72-8172-2567FE83BF08}.Release|Any CPU.ActiveCfg = Release|Any CPU
		{A3D87721-5C3C-4FD1-8367-A812F53A6BC6}.Debug|Any CPU.ActiveCfg = Debug|Any CPU
		{A3D87721-5C3C-4FD1-8367-A812F53A6BC6}.Debug|Any CPU.Build.0 = Debug|Any CPU
		{A3D87721-5C3C-4FD1-8367-A812F53A6BC6}.Release|Any CPU.ActiveCfg = Release|Any CPU
		{A3D87721-5C3C-4FD1-8367-A812F53A6BC6}.Release|Any CPU.Build.0 = Release|Any CPU
		{FC8AFBEF-65C2-4027-984B-284FD14733B4}.Debug|Any CPU.ActiveCfg = Debug|Any CPU
		{FC8AFBEF-65C2-4027-984B-284FD14733B4}.Debug|Any CPU.Build.0 = Debug|Any CPU
		{FC8AFBEF-65C2-4027-984B-284FD14733B4}.Release|Any CPU.ActiveCfg = Release|Any CPU
		{FC8AFBEF-65C2-4027-984B-284FD14733B4}.Release|Any CPU.Build.0 = Release|Any CPU
		{8AFC8E88-A953-4B33-B7A6-DE124CE0CB6C}.Debug|Any CPU.ActiveCfg = Debug|Any CPU
		{8AFC8E88-A953-4B33-B7A6-DE124CE0CB6C}.Debug|Any CPU.Build.0 = Debug|Any CPU
		{8AFC8E88-A953-4B33-B7A6-DE124CE0CB6C}.Release|Any CPU.ActiveCfg = Release|Any CPU
		{8AFC8E88-A953-4B33-B7A6-DE124CE0CB6C}.Release|Any CPU.Build.0 = Release|Any CPU
	EndGlobalSection
EndGlobal
